
Microsoft Visual Studio Solution File, Format Version 12.00
# Visual Studio Version 17
VisualStudioVersion = 17.0.32014.148
MinimumVisualStudioVersion = 10.0.40219.1
Project("{9A19103F-16F7-4668-BE54-9A1E7A4F7556}") = "BlazorServerApp", "BlazorServerApp\BlazorServerApp.csproj", "{042BE532-12C9-4D90-A988-13C66FCBC6FC}"
EndProject
Project("{9A19103F-16F7-4668-BE54-9A1E7A4F7556}") = "DataLibrary", "DataLibrary\DataLibrary.csproj", "{217A5853-0472-427F-AF3E-7CB6A2A043EB}"
EndProject
Project("{9A19103F-16F7-4668-BE54-9A1E7A4F7556}") = "MD5", "MD5\MD5.csproj", "{2F534FA0-0A94-4001-AD29-398B2974D9F5}"
EndProject
Project("{FAE04EC0-301F-11D3-BF4B-00C04F79EFBC}") = "TextExtractor", "TextExtractor\TextExtractor.csproj", "{EB3CAF9E-0703-4EC3-A10E-60CE8A97DF00}"
EndProject
Global
	GlobalSection(SolutionConfigurationPlatforms) = preSolution
		Debug|Any CPU = Debug|Any CPU
		Release|Any CPU = Release|Any CPU
	EndGlobalSection
	GlobalSection(ProjectConfigurationPlatforms) = postSolution
		{042BE532-12C9-4D90-A988-13C66FCBC6FC}.Debug|Any CPU.ActiveCfg = Debug|Any CPU
		{042BE532-12C9-4D90-A988-13C66FCBC6FC}.Debug|Any CPU.Build.0 = Debug|Any CPU
		{042BE532-12C9-4D90-A988-13C66FCBC6FC}.Release|Any CPU.ActiveCfg = Release|Any CPU
		{042BE532-12C9-4D90-A988-13C66FCBC6FC}.Release|Any CPU.Build.0 = Release|Any CPU
		{217A5853-0472-427F-AF3E-7CB6A2A043EB}.Debug|Any CPU.ActiveCfg = Debug|Any CPU
		{217A5853-0472-427F-AF3E-7CB6A2A043EB}.Debug|Any CPU.Build.0 = Debug|Any CPU
		{217A5853-0472-427F-AF3E-7CB6A2A043EB}.Release|Any CPU.ActiveCfg = Release|Any CPU
		{217A5853-0472-427F-AF3E-7CB6A2A043EB}.Release|Any CPU.Build.0 = Release|Any CPU
		{2F534FA0-0A94-4001-AD29-398B2974D9F5}.Debug|Any CPU.ActiveCfg = Debug|Any CPU
		{2F534FA0-0A94-4001-AD29-398B2974D9F5}.Debug|Any CPU.Build.0 = Debug|Any CPU
		{2F534FA0-0A94-4001-AD29-398B2974D9F5}.Release|Any CPU.ActiveCfg = Release|Any CPU
		{2F534FA0-0A94-4001-AD29-398B2974D9F5}.Release|Any CPU.Build.0 = Release|Any CPU
		{EB3CAF9E-0703-4EC3-A10E-60CE8A97DF00}.Debug|Any CPU.ActiveCfg = Debug|Any CPU
		{EB3CAF9E-0703-4EC3-A10E-60CE8A97DF00}.Debug|Any CPU.Build.0 = Debug|Any CPU
		{EB3CAF9E-0703-4EC3-A10E-60CE8A97DF00}.Release|Any CPU.ActiveCfg = Release|Any CPU
		{EB3CAF9E-0703-4EC3-A10E-60CE8A97DF00}.Release|Any CPU.Build.0 = Release|Any CPU
	EndGlobalSection
	GlobalSection(SolutionProperties) = preSolution
		HideSolutionNode = FALSE
	EndGlobalSection
	GlobalSection(ExtensibilityGlobals) = postSolution
		SolutionGuid = {EBD55F82-3D8D-4707-B859-D5407F1E4E54}
	EndGlobalSection
EndGlobal
